// !$*UTF8*$!
{
	archiveVersion = 1;
	classes = {
	};
	objectVersion = 55;
	objects = {

/* Begin PBXBuildFile section */
		A540EC51279A714C00889317 /* AppDelegate.swift in Sources */ = {isa = PBXBuildFile; fileRef = A540EC50279A714C00889317 /* AppDelegate.swift */; };
		A540EC53279A714C00889317 /* SceneDelegate.swift in Sources */ = {isa = PBXBuildFile; fileRef = A540EC52279A714C00889317 /* SceneDelegate.swift */; };
		A540EC55279A714C00889317 /* RootStackTabViewController.swift in Sources */ = {isa = PBXBuildFile; fileRef = A540EC54279A714C00889317 /* RootStackTabViewController.swift */; };
		A540EC58279A714C00889317 /* Main.storyboard in Resources */ = {isa = PBXBuildFile; fileRef = A540EC56279A714C00889317 /* Main.storyboard */; };
		A540EC5A279A714E00889317 /* Assets.xcassets in Resources */ = {isa = PBXBuildFile; fileRef = A540EC59279A714E00889317 /* Assets.xcassets */; };
		A540EC5D279A714E00889317 /* LaunchScreen.storyboard in Resources */ = {isa = PBXBuildFile; fileRef = A540EC5B279A714E00889317 /* LaunchScreen.storyboard */; };
		A56800A5279A71ED001A7ADA /* BottomStackItem.swift in Sources */ = {isa = PBXBuildFile; fileRef = A56800A4279A71ED001A7ADA /* BottomStackItem.swift */; };
		A56800A9279A72D2001A7ADA /* StackItemView.xib in Resources */ = {isa = PBXBuildFile; fileRef = A56800A8279A72D2001A7ADA /* StackItemView.xib */; };
		A56800AB279A7728001A7ADA /* StackItemView.swift in Sources */ = {isa = PBXBuildFile; fileRef = A56800AA279A7728001A7ADA /* StackItemView.swift */; };
		A56800AD279A7C50001A7ADA /* UIView+Helper.swift in Sources */ = {isa = PBXBuildFile; fileRef = A56800AC279A7C50001A7ADA /* UIView+Helper.swift */; };
		A56800AF279A7C6C001A7ADA /* UIViewController+Helper.swift in Sources */ = {isa = PBXBuildFile; fileRef = A56800AE279A7C6C001A7ADA /* UIViewController+Helper.swift */; };
		C3F431E6CC803D3A44CDFAF7 /* Pods_CustomTabbarPractice.framework in Frameworks */ = {isa = PBXBuildFile; fileRef = 72AB47EDA264EA00E3DB8B1C /* Pods_CustomTabbarPractice.framework */; };
/* End PBXBuildFile section */

/* Begin PBXFileReference section */
		72AB47EDA264EA00E3DB8B1C /* Pods_CustomTabbarPractice.framework */ = {isa = PBXFileReference; explicitFileType = wrapper.framework; includeInIndex = 0; path = Pods_CustomTabbarPractice.framework; sourceTree = BUILT_PRODUCTS_DIR; };
		7DA07DEE6F44D469DD545DD8 /* Pods-CustomTabbarPractice.debug.xcconfig */ = {isa = PBXFileReference; includeInIndex = 1; lastKnownFileType = text.xcconfig; name = "Pods-CustomTabbarPractice.debug.xcconfig"; path = "Target Support Files/Pods-CustomTabbarPractice/Pods-CustomTabbarPractice.debug.xcconfig"; sourceTree = "<group>"; };
		A540EC4D279A714C00889317 /* CustomTabbarPractice.app */ = {isa = PBXFileReference; explicitFileType = wrapper.application; includeInIndex = 0; path = CustomTabbarPractice.app; sourceTree = BUILT_PRODUCTS_DIR; };
		A540EC50279A714C00889317 /* AppDelegate.swift */ = {isa = PBXFileReference; lastKnownFileType = sourcecode.swift; path = AppDelegate.swift; sourceTree = "<group>"; };
		A540EC52279A714C00889317 /* SceneDelegate.swift */ = {isa = PBXFileReference; lastKnownFileType = sourcecode.swift; path = SceneDelegate.swift; sourceTree = "<group>"; };
		A540EC54279A714C00889317 /* RootStackTabViewController.swift */ = {isa = PBXFileReference; lastKnownFileType = sourcecode.swift; path = RootStackTabViewController.swift; sourceTree = "<group>"; };
		A540EC57279A714C00889317 /* Base */ = {isa = PBXFileReference; lastKnownFileType = file.storyboard; name = Base; path = Base.lproj/Main.storyboard; sourceTree = "<group>"; };
		A540EC59279A714E00889317 /* Assets.xcassets */ = {isa = PBXFileReference; lastKnownFileType = folder.assetcatalog; path = Assets.xcassets; sourceTree = "<group>"; };
		A540EC5C279A714E00889317 /* Base */ = {isa = PBXFileReference; lastKnownFileType = file.storyboard; name = Base; path = Base.lproj/LaunchScreen.storyboard; sourceTree = "<group>"; };
		A540EC5E279A714E00889317 /* Info.plist */ = {isa = PBXFileReference; lastKnownFileType = text.plist.xml; path = Info.plist; sourceTree = "<group>"; };
		A56800A4279A71ED001A7ADA /* BottomStackItem.swift */ = {isa = PBXFileReference; lastKnownFileType = sourcecode.swift; path = BottomStackItem.swift; sourceTree = "<group>"; };
		A56800A8279A72D2001A7ADA /* StackItemView.xib */ = {isa = PBXFileReference; lastKnownFileType = file.xib; path = StackItemView.xib; sourceTree = "<group>"; };
		A56800AA279A7728001A7ADA /* StackItemView.swift */ = {isa = PBXFileReference; lastKnownFileType = sourcecode.swift; path = StackItemView.swift; sourceTree = "<group>"; };
		A56800AC279A7C50001A7ADA /* UIView+Helper.swift */ = {isa = PBXFileReference; lastKnownFileType = sourcecode.swift; path = "UIView+Helper.swift"; sourceTree = "<group>"; };
		A56800AE279A7C6C001A7ADA /* UIViewController+Helper.swift */ = {isa = PBXFileReference; lastKnownFileType = sourcecode.swift; path = "UIViewController+Helper.swift"; sourceTree = "<group>"; };
		D93DF58DA835F852274432DD /* Pods-CustomTabbarPractice.release.xcconfig */ = {isa = PBXFileReference; includeInIndex = 1; lastKnownFileType = text.xcconfig; name = "Pods-CustomTabbarPractice.release.xcconfig"; path = "Target Support Files/Pods-CustomTabbarPractice/Pods-CustomTabbarPractice.release.xcconfig"; sourceTree = "<group>"; };
/* End PBXFileReference section */

/* Begin PBXFrameworksBuildPhase section */
		A540EC4A279A714C00889317 /* Frameworks */ = {
			isa = PBXFrameworksBuildPhase;
			buildActionMask = 2147483647;
			files = (
				C3F431E6CC803D3A44CDFAF7 /* Pods_CustomTabbarPractice.framework in Frameworks */,
			);
			runOnlyForDeploymentPostprocessing = 0;
		};
/* End PBXFrameworksBuildPhase section */

/* Begin PBXGroup section */
		2865CC08CF6D75543797019F /* Pods */ = {
			isa = PBXGroup;
			children = (
				7DA07DEE6F44D469DD545DD8 /* Pods-CustomTabbarPractice.debug.xcconfig */,
				D93DF58DA835F852274432DD /* Pods-CustomTabbarPractice.release.xcconfig */,
			);
			path = Pods;
			sourceTree = "<group>";
		};
		79021601CBECB90C16DCD948 /* Frameworks */ = {
			isa = PBXGroup;
			children = (
				72AB47EDA264EA00E3DB8B1C /* Pods_CustomTabbarPractice.framework */,
			);
			name = Frameworks;
			sourceTree = "<group>";
		};
		A540EC44279A714C00889317 = {
			isa = PBXGroup;
			children = (
				A540EC4F279A714C00889317 /* CustomTabbarPractice */,
				A540EC4E279A714C00889317 /* Products */,
				2865CC08CF6D75543797019F /* Pods */,
				79021601CBECB90C16DCD948 /* Frameworks */,
			);
			sourceTree = "<group>";
		};
		A540EC4E279A714C00889317 /* Products */ = {
			isa = PBXGroup;
			children = (
				A540EC4D279A714C00889317 /* CustomTabbarPractice.app */,
			);
			name = Products;
			sourceTree = "<group>";
		};
		A540EC4F279A714C00889317 /* CustomTabbarPractice */ = {
			isa = PBXGroup;
			children = (
				A540EC50279A714C00889317 /* AppDelegate.swift */,
				A540EC52279A714C00889317 /* SceneDelegate.swift */,
				A540EC54279A714C00889317 /* RootStackTabViewController.swift */,
				A540EC56279A714C00889317 /* Main.storyboard */,
				A540EC59279A714E00889317 /* Assets.xcassets */,
				A540EC5B279A714E00889317 /* LaunchScreen.storyboard */,
				A540EC5E279A714E00889317 /* Info.plist */,
				A56800A4279A71ED001A7ADA /* BottomStackItem.swift */,
				A56800A8279A72D2001A7ADA /* StackItemView.xib */,
				A56800AA279A7728001A7ADA /* StackItemView.swift */,
				A56800AC279A7C50001A7ADA /* UIView+Helper.swift */,
				A56800AE279A7C6C001A7ADA /* UIViewController+Helper.swift */,
			);
			path = CustomTabbarPractice;
			sourceTree = "<group>";
		};
/* End PBXGroup section */

/* Begin PBXNativeTarget section */
		A540EC4C279A714C00889317 /* CustomTabbarPractice */ = {
			isa = PBXNativeTarget;
			buildConfigurationList = A540EC61279A714E00889317 /* Build configuration list for PBXNativeTarget "CustomTabbarPractice" */;
			buildPhases = (
				46BE024DF09621F8D8C0BE4B /* [CP] Check Pods Manifest.lock */,
				A540EC49279A714C00889317 /* Sources */,
				A540EC4A279A714C00889317 /* Frameworks */,
				A540EC4B279A714C00889317 /* Resources */,
				8FFC86BE9F693670477A6DF4 /* [CP] Embed Pods Frameworks */,
			);
			buildRules = (
			);
			dependencies = (
			);
			name = CustomTabbarPractice;
			productName = CustomTabbarPractice;
			productReference = A540EC4D279A714C00889317 /* CustomTabbarPractice.app */;
			productType = "com.apple.product-type.application";
		};
/* End PBXNativeTarget section */

/* Begin PBXProject section */
		A540EC45279A714C00889317 /* Project object */ = {
			isa = PBXProject;
			attributes = {
				BuildIndependentTargetsInParallel = 1;
				LastSwiftUpdateCheck = 1320;
				LastUpgradeCheck = 1320;
				TargetAttributes = {
					A540EC4C279A714C00889317 = {
						CreatedOnToolsVersion = 13.2.1;
					};
				};
			};
			buildConfigurationList = A540EC48279A714C00889317 /* Build configuration list for PBXProject "CustomTabbarPractice" */;
			compatibilityVersion = "Xcode 13.0";
			developmentRegion = en;
			hasScannedForEncodings = 0;
			knownRegions = (
				en,
				Base,
			);
			mainGroup = A540EC44279A714C00889317;
			productRefGroup = A540EC4E279A714C00889317 /* Products */;
			projectDirPath = "";
			projectRoot = "";
			targets = (
				A540EC4C279A714C00889317 /* CustomTabbarPractice */,
			);
		};
/* End PBXProject section */

/* Begin PBXResourcesBuildPhase section */
		A540EC4B279A714C00889317 /* Resources */ = {
			isa = PBXResourcesBuildPhase;
			buildActionMask = 2147483647;
			files = (
				A540EC5D279A714E00889317 /* LaunchScreen.storyboard in Resources */,
				A540EC5A279A714E00889317 /* Assets.xcassets in Resources */,
				A56800A9279A72D2001A7ADA /* StackItemView.xib in Resources */,
				A540EC58279A714C00889317 /* Main.storyboard in Resources */,
			);
			runOnlyForDeploymentPostprocessing = 0;
		};
/* End PBXResourcesBuildPhase section */

/* Begin PBXShellScriptBuildPhase section */
		46BE024DF09621F8D8C0BE4B /* [CP] Check Pods Manifest.lock */ = {
			isa = PBXShellScriptBuildPhase;
			buildActionMask = 2147483647;
			files = (
			);
			inputFileListPaths = (
			);
			inputPaths = (
				"${PODS_PODFILE_DIR_PATH}/Podfile.lock",
				"${PODS_ROOT}/Manifest.lock",
			);
			name = "[CP] Check Pods Manifest.lock";
			outputFileListPaths = (
			);
			outputPaths = (
				"$(DERIVED_FILE_DIR)/Pods-CustomTabbarPractice-checkManifestLockResult.txt",
			);
			runOnlyForDeploymentPostprocessing = 0;
			shellPath = /bin/sh;
			shellScript = "diff \"${PODS_PODFILE_DIR_PATH}/Podfile.lock\" \"${PODS_ROOT}/Manifest.lock\" > /dev/null\nif [ $? != 0 ] ; then\n    # print error to STDERR\n    echo \"error: The sandbox is not in sync with the Podfile.lock. Run 'pod install' or update your CocoaPods installation.\" >&2\n    exit 1\nfi\n# This output is used by Xcode 'outputs' to avoid re-running this script phase.\necho \"SUCCESS\" > \"${SCRIPT_OUTPUT_FILE_0}\"\n";
			showEnvVarsInLog = 0;
		};
		8FFC86BE9F693670477A6DF4 /* [CP] Embed Pods Frameworks */ = {
			isa = PBXShellScriptBuildPhase;
			buildActionMask = 2147483647;
			files = (
			);
			inputFileListPaths = (
				"${PODS_ROOT}/Target Support Files/Pods-CustomTabbarPractice/Pods-CustomTabbarPractice-frameworks-${CONFIGURATION}-input-files.xcfilelist",
			);
			name = "[CP] Embed Pods Frameworks";
			outputFileListPaths = (
				"${PODS_ROOT}/Target Support Files/Pods-CustomTabbarPractice/Pods-CustomTabbarPractice-frameworks-${CONFIGURATION}-output-files.xcfilelist",
			);
			runOnlyForDeploymentPostprocessing = 0;
			shellPath = /bin/sh;
			shellScript = "\"${PODS_ROOT}/Target Support Files/Pods-CustomTabbarPractice/Pods-CustomTabbarPractice-frameworks.sh\"\n";
			showEnvVarsInLog = 0;
		};
/* End PBXShellScriptBuildPhase section */

/* Begin PBXSourcesBuildPhase section */
		A540EC49279A714C00889317 /* Sources */ = {
			isa = PBXSourcesBuildPhase;
			buildActionMask = 2147483647;
			files = (
				A540EC55279A714C00889317 /* RootStackTabViewController.swift in Sources */,
				A540EC51279A714C00889317 /* AppDelegate.swift in Sources */,
				A56800A5279A71ED001A7ADA /* BottomStackItem.swift in Sources */,
				A540EC53279A714C00889317 /* SceneDelegate.swift in Sources */,
				A56800AF279A7C6C001A7ADA /* UIViewController+Helper.swift in Sources */,
				A56800AD279A7C50001A7ADA /* UIView+Helper.swift in Sources */,
				A56800AB279A7728001A7ADA /* StackItemView.swift in Sources */,
			);
			runOnlyForDeploymentPostprocessing = 0;
		};
/* End PBXSourcesBuildPhase section */

/* Begin PBXVariantGroup section */
		A540EC56279A714C00889317 /* Main.storyboard */ = {
			isa = PBXVariantGroup;
			children = (
				A540EC57279A714C00889317 /* Base */,
			);
			name = Main.storyboard;
			sourceTree = "<group>";
		};
		A540EC5B279A714E00889317 /* LaunchScreen.storyboard */ = {
			isa = PBXVariantGroup;
			children = (
				A540EC5C279A714E00889317 /* Base */,
			);
			name = LaunchScreen.storyboard;
			sourceTree = "<group>";
		};
/* End PBXVariantGroup section */

/* Begin XCBuildConfiguration section */
		A540EC5F279A714E00889317 /* Debug */ = {
			isa = XCBuildConfiguration;
			buildSettings = {
				ALWAYS_SEARCH_USER_PATHS = NO;
				CLANG_ANALYZER_NONNULL = YES;
				CLANG_ANALYZER_NUMBER_OBJECT_CONVERSION = YES_AGGRESSIVE;
				CLANG_CXX_LANGUAGE_STANDARD = "gnu++17";
				CLANG_CXX_LIBRARY = "libc++";
				CLANG_ENABLE_MODULES = YES;
				CLANG_ENABLE_OBJC_ARC = YES;
				CLANG_ENABLE_OBJC_WEAK = YES;
				CLANG_WARN_BLOCK_CAPTURE_AUTORELEASING = YES;
				CLANG_WARN_BOOL_CONVERSION = YES;
				CLANG_WARN_COMMA = YES;
				CLANG_WARN_CONSTANT_CONVERSION = YES;
				CLANG_WARN_DEPRECATED_OBJC_IMPLEMENTATIONS = YES;
				CLANG_WARN_DIRECT_OBJC_ISA_USAGE = YES_ERROR;
				CLANG_WARN_DOCUMENTATION_COMMENTS = YES;
				CLANG_WARN_EMPTY_BODY = YES;
				CLANG_WARN_ENUM_CONVERSION = YES;
				CLANG_WARN_INFINITE_RECURSION = YES;
				CLANG_WARN_INT_CONVERSION = YES;
				CLANG_WARN_NON_LITERAL_NULL_CONVERSION = YES;
				CLANG_WARN_OBJC_IMPLICIT_RETAIN_SELF = YES;
				CLANG_WARN_OBJC_LITERAL_CONVERSION = YES;
				CLANG_WARN_OBJC_ROOT_CLASS = YES_ERROR;
				CLANG_WARN_QUOTED_INCLUDE_IN_FRAMEWORK_HEADER = YES;
				CLANG_WARN_RANGE_LOOP_ANALYSIS = YES;
				CLANG_WARN_STRICT_PROTOTYPES = YES;
				CLANG_WARN_SUSPICIOUS_MOVE = YES;
				CLANG_WARN_UNGUARDED_AVAILABILITY = YES_AGGRESSIVE;
				CLANG_WARN_UNREACHABLE_CODE = YES;
				CLANG_WARN__DUPLICATE_METHOD_MATCH = YES;
				COPY_PHASE_STRIP = NO;
				DEBUG_INFORMATION_FORMAT = dwarf;
				ENABLE_STRICT_OBJC_MSGSEND = YES;
				ENABLE_TESTABILITY = YES;
				GCC_C_LANGUAGE_STANDARD = gnu11;
				GCC_DYNAMIC_NO_PIC = NO;
				GCC_NO_COMMON_BLOCKS = YES;
				GCC_OPTIMIZATION_LEVEL = 0;
				GCC_PREPROCESSOR_DEFINITIONS = (
					"DEBUG=1",
					"$(inherited)",
				);
				GCC_WARN_64_TO_32_BIT_CONVERSION = YES;
				GCC_WARN_ABOUT_RETURN_TYPE = YES_ERROR;
				GCC_WARN_UNDECLARED_SELECTOR = YES;
				GCC_WARN_UNINITIALIZED_AUTOS = YES_AGGRESSIVE;
				GCC_WARN_UNUSED_FUNCTION = YES;
				GCC_WARN_UNUSED_VARIABLE = YES;
				IPHONEOS_DEPLOYMENT_TARGET = 15.2;
				MTL_ENABLE_DEBUG_INFO = INCLUDE_SOURCE;
				MTL_FAST_MATH = YES;
				ONLY_ACTIVE_ARCH = YES;
				SDKROOT = iphoneos;
				SWIFT_ACTIVE_COMPILATION_CONDITIONS = DEBUG;
				SWIFT_OPTIMIZATION_LEVEL = "-Onone";
			};
			name = Debug;
		};
		A540EC60279A714E00889317 /* Release */ = {
			isa = XCBuildConfiguration;
			buildSettings = {
				ALWAYS_SEARCH_USER_PATHS = NO;
				CLANG_ANALYZER_NONNULL = YES;
				CLANG_ANALYZER_NUMBER_OBJECT_CONVERSION = YES_AGGRESSIVE;
				CLANG_CXX_LANGUAGE_STANDARD = "gnu++17";
				CLANG_CXX_LIBRARY = "libc++";
				CLANG_ENABLE_MODULES = YES;
				CLANG_ENABLE_OBJC_ARC = YES;
				CLANG_ENABLE_OBJC_WEAK = YES;
				CLANG_WARN_BLOCK_CAPTURE_AUTORELEASING = YES;
				CLANG_WARN_BOOL_CONVERSION = YES;
				CLANG_WARN_COMMA = YES;
				CLANG_WARN_CONSTANT_CONVERSION = YES;
				CLANG_WARN_DEPRECATED_OBJC_IMPLEMENTATIONS = YES;
				CLANG_WARN_DIRECT_OBJC_ISA_USAGE = YES_ERROR;
				CLANG_WARN_DOCUMENTATION_COMMENTS = YES;
				CLANG_WARN_EMPTY_BODY = YES;
				CLANG_WARN_ENUM_CONVERSION = YES;
				CLANG_WARN_INFINITE_RECURSION = YES;
				CLANG_WARN_INT_CONVERSION = YES;
				CLANG_WARN_NON_LITERAL_NULL_CONVERSION = YES;
				CLANG_WARN_OBJC_IMPLICIT_RETAIN_SELF = YES;
				CLANG_WARN_OBJC_LITERAL_CONVERSION = YES;
				CLANG_WARN_OBJC_ROOT_CLASS = YES_ERROR;
				CLANG_WARN_QUOTED_INCLUDE_IN_FRAMEWORK_HEADER = YES;
				CLANG_WARN_RANGE_LOOP_ANALYSIS = YES;
				CLANG_WARN_STRICT_PROTOTYPES = YES;
				CLANG_WARN_SUSPICIOUS_MOVE = YES;
				CLANG_WARN_UNGUARDED_AVAILABILITY = YES_AGGRESSIVE;
				CLANG_WARN_UNREACHABLE_CODE = YES;
				CLANG_WARN__DUPLICATE_METHOD_MATCH = YES;
				COPY_PHASE_STRIP = NO;
				DEBUG_INFORMATION_FORMAT = "dwarf-with-dsym";
				ENABLE_NS_ASSERTIONS = NO;
				ENABLE_STRICT_OBJC_MSGSEND = YES;
				GCC_C_LANGUAGE_STANDARD = gnu11;
				GCC_NO_COMMON_BLOCKS = YES;
				GCC_WARN_64_TO_32_BIT_CONVERSION = YES;
				GCC_WARN_ABOUT_RETURN_TYPE = YES_ERROR;
				GCC_WARN_UNDECLARED_SELECTOR = YES;
				GCC_WARN_UNINITIALIZED_AUTOS = YES_AGGRESSIVE;
				GCC_WARN_UNUSED_FUNCTION = YES;
				GCC_WARN_UNUSED_VARIABLE = YES;
				IPHONEOS_DEPLOYMENT_TARGET = 15.2;
				MTL_ENABLE_DEBUG_INFO = NO;
				MTL_FAST_MATH = YES;
				SDKROOT = iphoneos;
				SWIFT_COMPILATION_MODE = wholemodule;
				SWIFT_OPTIMIZATION_LEVEL = "-O";
				VALIDATE_PRODUCT = YES;
			};
			name = Release;
		};
		A540EC62279A714E00889317 /* Debug */ = {
			isa = XCBuildConfiguration;
			baseConfigurationReference = 7DA07DEE6F44D469DD545DD8 /* Pods-CustomTabbarPractice.debug.xcconfig */;
			buildSettings = {
				ASSETCATALOG_COMPILER_APPICON_NAME = AppIcon;
				ASSETCATALOG_COMPILER_GLOBAL_ACCENT_COLOR_NAME = AccentColor;
				CODE_SIGN_STYLE = Automatic;
				CURRENT_PROJECT_VERSION = 1;
				GENERATE_INFOPLIST_FILE = YES;
				INFOPLIST_FILE = CustomTabbarPractice/Info.plist;
				INFOPLIST_KEY_UIApplicationSupportsIndirectInputEvents = YES;
				INFOPLIST_KEY_UILaunchStoryboardName = LaunchScreen;
				INFOPLIST_KEY_UIMainStoryboardFile = Main;
				INFOPLIST_KEY_UISupportedInterfaceOrientations_iPad = "UIInterfaceOrientationPortrait UIInterfaceOrientationPortraitUpsideDown UIInterfaceOrientationLandscapeLeft UIInterfaceOrientationLandscapeRight";
				INFOPLIST_KEY_UISupportedInterfaceOrientations_iPhone = "UIInterfaceOrientationPortrait UIInterfaceOrientationLandscapeLeft UIInterfaceOrientationLandscapeRight";
				LD_RUNPATH_SEARCH_PATHS = (
					"$(inherited)",
					"@executable_path/Frameworks",
				);
				MARKETING_VERSION = 1.0;
				PRODUCT_BUNDLE_IDENTIFIER = project.CustomTabbarPractice;
				PRODUCT_NAME = "$(TARGET_NAME)";
				SWIFT_EMIT_LOC_STRINGS = YES;
				SWIFT_VERSION = 5.0;
				TARGETED_DEVICE_FAMILY = "1,2";
			};
			name = Debug;
		};
		A540EC63279A714E00889317 /* Release */ = {
			isa = XCBuildConfiguration;
			baseConfigurationReference = D93DF58DA835F852274432DD /* Pods-CustomTabbarPractice.release.xcconfig */;
			buildSettings = {
				ASSETCATALOG_COMPILER_APPICON_NAME = AppIcon;
				ASSETCATALOG_COMPILER_GLOBAL_ACCENT_COLOR_NAME = AccentColor;
				CODE_SIGN_STYLE = Automatic;
				CURRENT_PROJECT_VERSION = 1;
				GENERATE_INFOPLIST_FILE = YES;
				INFOPLIST_FILE = CustomTabbarPractice/Info.plist;
				INFOPLIST_KEY_UIApplicationSupportsIndirectInputEvents = YES;
				INFOPLIST_KEY_UILaunchStoryboardName = LaunchScreen;
				INFOPLIST_KEY_UIMainStoryboardFile = Main;
				INFOPLIST_KEY_UISupportedInterfaceOrientations_iPad = "UIInterfaceOrientationPortrait UIInterfaceOrientationPortraitUpsideDown UIInterfaceOrientationLandscapeLeft UIInterfaceOrientationLandscapeRight";
				INFOPLIST_KEY_UISupportedInterfaceOrientations_iPhone = "UIInterfaceOrientationPortrait UIInterfaceOrientationLandscapeLeft UIInterfaceOrientationLandscapeRight";
				LD_RUNPATH_SEARCH_PATHS = (
					"$(inherited)",
					"@executable_path/Frameworks",
				);
				MARKETING_VERSION = 1.0;
				PRODUCT_BUNDLE_IDENTIFIER = project.CustomTabbarPractice;
				PRODUCT_NAME = "$(TARGET_NAME)";
				SWIFT_EMIT_LOC_STRINGS = YES;
				SWIFT_VERSION = 5.0;
				TARGETED_DEVICE_FAMILY = "1,2";
			};
			name = Release;
		};
/* End XCBuildConfiguration section */

/* Begin XCConfigurationList section */
		A540EC48279A714C00889317 /* Build configuration list for PBXProject "CustomTabbarPractice" */ = {
			isa = XCConfigurationList;
			buildConfigurations = (
				A540EC5F279A714E00889317 /* Debug */,
				A540EC60279A714E00889317 /* Release */,
			);
			defaultConfigurationIsVisible = 0;
			defaultConfigurationName = Release;
		};
		A540EC61279A714E00889317 /* Build configuration list for PBXNativeTarget "CustomTabbarPractice" */ = {
			isa = XCConfigurationList;
			buildConfigurations = (
				A540EC62279A714E00889317 /* Debug */,
				A540EC63279A714E00889317 /* Release */,
			);
			defaultConfigurationIsVisible = 0;
			defaultConfigurationName = Release;
		};
/* End XCConfigurationList section */
	};
	rootObject = A540EC45279A714C00889317 /* Project object */;
}
