// !$*UTF8*$!
{
	archiveVersion = 1;
	classes = {
	};
	objectVersion = 50;
	objects = {

/* Begin PBXBuildFile section */
		A5A597E0275682B0004AC7CE /* AppDelegate.swift in Sources */ = {isa = PBXBuildFile; fileRef = A5A597DF275682B0004AC7CE /* AppDelegate.swift */; };
		A5A597E2275682B0004AC7CE /* SceneDelegate.swift in Sources */ = {isa = PBXBuildFile; fileRef = A5A597E1275682B0004AC7CE /* SceneDelegate.swift */; };
		A5A597E4275682B0004AC7CE /* ViewController.swift in Sources */ = {isa = PBXBuildFile; fileRef = A5A597E3275682B0004AC7CE /* ViewController.swift */; };
		A5A597E7275682B0004AC7CE /* Main.storyboard in Resources */ = {isa = PBXBuildFile; fileRef = A5A597E5275682B0004AC7CE /* Main.storyboard */; };
		A5A597E9275682B2004AC7CE /* Assets.xcassets in Resources */ = {isa = PBXBuildFile; fileRef = A5A597E8275682B2004AC7CE /* Assets.xcassets */; };
		A5A597EC275682B2004AC7CE /* LaunchScreen.storyboard in Resources */ = {isa = PBXBuildFile; fileRef = A5A597EA275682B2004AC7CE /* LaunchScreen.storyboard */; };
		D72947C39667D1C805858B29 /* Pods_TagListGit.framework in Frameworks */ = {isa = PBXBuildFile; fileRef = A19892C9FAA0B9184FACB7CD /* Pods_TagListGit.framework */; };
/* End PBXBuildFile section */

/* Begin PBXFileReference section */
		A19892C9FAA0B9184FACB7CD /* Pods_TagListGit.framework */ = {isa = PBXFileReference; explicitFileType = wrapper.framework; includeInIndex = 0; path = Pods_TagListGit.framework; sourceTree = BUILT_PRODUCTS_DIR; };
		A5A597DC275682B0004AC7CE /* TagListGit.app */ = {isa = PBXFileReference; explicitFileType = wrapper.application; includeInIndex = 0; path = TagListGit.app; sourceTree = BUILT_PRODUCTS_DIR; };
		A5A597DF275682B0004AC7CE /* AppDelegate.swift */ = {isa = PBXFileReference; lastKnownFileType = sourcecode.swift; path = AppDelegate.swift; sourceTree = "<group>"; };
		A5A597E1275682B0004AC7CE /* SceneDelegate.swift */ = {isa = PBXFileReference; lastKnownFileType = sourcecode.swift; path = SceneDelegate.swift; sourceTree = "<group>"; };
		A5A597E3275682B0004AC7CE /* ViewController.swift */ = {isa = PBXFileReference; lastKnownFileType = sourcecode.swift; path = ViewController.swift; sourceTree = "<group>"; };
		A5A597E6275682B0004AC7CE /* Base */ = {isa = PBXFileReference; lastKnownFileType = file.storyboard; name = Base; path = Base.lproj/Main.storyboard; sourceTree = "<group>"; };
		A5A597E8275682B2004AC7CE /* Assets.xcassets */ = {isa = PBXFileReference; lastKnownFileType = folder.assetcatalog; path = Assets.xcassets; sourceTree = "<group>"; };
		A5A597EB275682B2004AC7CE /* Base */ = {isa = PBXFileReference; lastKnownFileType = file.storyboard; name = Base; path = Base.lproj/LaunchScreen.storyboard; sourceTree = "<group>"; };
		A5A597ED275682B2004AC7CE /* Info.plist */ = {isa = PBXFileReference; lastKnownFileType = text.plist.xml; path = Info.plist; sourceTree = "<group>"; };
		BE80B4AE86745BA349126FD8 /* Pods-TagListGit.release.xcconfig */ = {isa = PBXFileReference; includeInIndex = 1; lastKnownFileType = text.xcconfig; name = "Pods-TagListGit.release.xcconfig"; path = "Target Support Files/Pods-TagListGit/Pods-TagListGit.release.xcconfig"; sourceTree = "<group>"; };
		C2339D6A7727D2D633DDF5A1 /* Pods-TagListGit.debug.xcconfig */ = {isa = PBXFileReference; includeInIndex = 1; lastKnownFileType = text.xcconfig; name = "Pods-TagListGit.debug.xcconfig"; path = "Target Support Files/Pods-TagListGit/Pods-TagListGit.debug.xcconfig"; sourceTree = "<group>"; };
/* End PBXFileReference section */

/* Begin PBXFrameworksBuildPhase section */
		A5A597D9275682B0004AC7CE /* Frameworks */ = {
			isa = PBXFrameworksBuildPhase;
			buildActionMask = 2147483647;
			files = (
				D72947C39667D1C805858B29 /* Pods_TagListGit.framework in Frameworks */,
			);
			runOnlyForDeploymentPostprocessing = 0;
		};
/* End PBXFrameworksBuildPhase section */

/* Begin PBXGroup section */
		77916904BECD5E8FB9A543D5 /* Frameworks */ = {
			isa = PBXGroup;
			children = (
				A19892C9FAA0B9184FACB7CD /* Pods_TagListGit.framework */,
			);
			name = Frameworks;
			sourceTree = "<group>";
		};
		A5A597D3275682B0004AC7CE = {
			isa = PBXGroup;
			children = (
				A5A597DE275682B0004AC7CE /* TagListGit */,
				A5A597DD275682B0004AC7CE /* Products */,
				B7CB2B974AB0F32531707228 /* Pods */,
				77916904BECD5E8FB9A543D5 /* Frameworks */,
			);
			sourceTree = "<group>";
		};
		A5A597DD275682B0004AC7CE /* Products */ = {
			isa = PBXGroup;
			children = (
				A5A597DC275682B0004AC7CE /* TagListGit.app */,
			);
			name = Products;
			sourceTree = "<group>";
		};
		A5A597DE275682B0004AC7CE /* TagListGit */ = {
			isa = PBXGroup;
			children = (
				A5A597DF275682B0004AC7CE /* AppDelegate.swift */,
				A5A597E1275682B0004AC7CE /* SceneDelegate.swift */,
				A5A597E3275682B0004AC7CE /* ViewController.swift */,
				A5A597E5275682B0004AC7CE /* Main.storyboard */,
				A5A597E8275682B2004AC7CE /* Assets.xcassets */,
				A5A597EA275682B2004AC7CE /* LaunchScreen.storyboard */,
				A5A597ED275682B2004AC7CE /* Info.plist */,
			);
			path = TagListGit;
			sourceTree = "<group>";
		};
		B7CB2B974AB0F32531707228 /* Pods */ = {
			isa = PBXGroup;
			children = (
				C2339D6A7727D2D633DDF5A1 /* Pods-TagListGit.debug.xcconfig */,
				BE80B4AE86745BA349126FD8 /* Pods-TagListGit.release.xcconfig */,
			);
			name = Pods;
			path = Pods;
			sourceTree = "<group>";
		};
/* End PBXGroup section */

/* Begin PBXNativeTarget section */
		A5A597DB275682B0004AC7CE /* TagListGit */ = {
			isa = PBXNativeTarget;
			buildConfigurationList = A5A597F0275682B2004AC7CE /* Build configuration list for PBXNativeTarget "TagListGit" */;
			buildPhases = (
				CA6F923BCCECFE3027209F99 /* [CP] Check Pods Manifest.lock */,
				A5A597D8275682B0004AC7CE /* Sources */,
				A5A597D9275682B0004AC7CE /* Frameworks */,
				A5A597DA275682B0004AC7CE /* Resources */,
				5EE912FD4276646339099C68 /* [CP] Embed Pods Frameworks */,
			);
			buildRules = (
			);
			dependencies = (
			);
			name = TagListGit;
			productName = TagListGit;
			productReference = A5A597DC275682B0004AC7CE /* TagListGit.app */;
			productType = "com.apple.product-type.application";
		};
/* End PBXNativeTarget section */

/* Begin PBXProject section */
		A5A597D4275682B0004AC7CE /* Project object */ = {
			isa = PBXProject;
			attributes = {
				LastSwiftUpdateCheck = 1250;
				LastUpgradeCheck = 1250;
				TargetAttributes = {
					A5A597DB275682B0004AC7CE = {
						CreatedOnToolsVersion = 12.5;
					};
				};
			};
			buildConfigurationList = A5A597D7275682B0004AC7CE /* Build configuration list for PBXProject "TagListGit" */;
			compatibilityVersion = "Xcode 9.3";
			developmentRegion = en;
			hasScannedForEncodings = 0;
			knownRegions = (
				en,
				Base,
			);
			mainGroup = A5A597D3275682B0004AC7CE;
			productRefGroup = A5A597DD275682B0004AC7CE /* Products */;
			projectDirPath = "";
			projectRoot = "";
			targets = (
				A5A597DB275682B0004AC7CE /* TagListGit */,
			);
		};
/* End PBXProject section */

/* Begin PBXResourcesBuildPhase section */
		A5A597DA275682B0004AC7CE /* Resources */ = {
			isa = PBXResourcesBuildPhase;
			buildActionMask = 2147483647;
			files = (
				A5A597EC275682B2004AC7CE /* LaunchScreen.storyboard in Resources */,
				A5A597E9275682B2004AC7CE /* Assets.xcassets in Resources */,
				A5A597E7275682B0004AC7CE /* Main.storyboard in Resources */,
			);
			runOnlyForDeploymentPostprocessing = 0;
		};
/* End PBXResourcesBuildPhase section */

/* Begin PBXShellScriptBuildPhase section */
		5EE912FD4276646339099C68 /* [CP] Embed Pods Frameworks */ = {
			isa = PBXShellScriptBuildPhase;
			buildActionMask = 2147483647;
			files = (
			);
			inputFileListPaths = (
				"${PODS_ROOT}/Target Support Files/Pods-TagListGit/Pods-TagListGit-frameworks-${CONFIGURATION}-input-files.xcfilelist",
			);
			name = "[CP] Embed Pods Frameworks";
			outputFileListPaths = (
				"${PODS_ROOT}/Target Support Files/Pods-TagListGit/Pods-TagListGit-frameworks-${CONFIGURATION}-output-files.xcfilelist",
			);
			runOnlyForDeploymentPostprocessing = 0;
			shellPath = /bin/sh;
			shellScript = "\"${PODS_ROOT}/Target Support Files/Pods-TagListGit/Pods-TagListGit-frameworks.sh\"\n";
			showEnvVarsInLog = 0;
		};
		CA6F923BCCECFE3027209F99 /* [CP] Check Pods Manifest.lock */ = {
			isa = PBXShellScriptBuildPhase;
			buildActionMask = 2147483647;
			files = (
			);
			inputFileListPaths = (
			);
			inputPaths = (
				"${PODS_PODFILE_DIR_PATH}/Podfile.lock",
				"${PODS_ROOT}/Manifest.lock",
			);
			name = "[CP] Check Pods Manifest.lock";
			outputFileListPaths = (
			);
			outputPaths = (
				"$(DERIVED_FILE_DIR)/Pods-TagListGit-checkManifestLockResult.txt",
			);
			runOnlyForDeploymentPostprocessing = 0;
			shellPath = /bin/sh;
			shellScript = "diff \"${PODS_PODFILE_DIR_PATH}/Podfile.lock\" \"${PODS_ROOT}/Manifest.lock\" > /dev/null\nif [ $? != 0 ] ; then\n    # print error to STDERR\n    echo \"error: The sandbox is not in sync with the Podfile.lock. Run 'pod install' or update your CocoaPods installation.\" >&2\n    exit 1\nfi\n# This output is used by Xcode 'outputs' to avoid re-running this script phase.\necho \"SUCCESS\" > \"${SCRIPT_OUTPUT_FILE_0}\"\n";
			showEnvVarsInLog = 0;
		};
/* End PBXShellScriptBuildPhase section */

/* Begin PBXSourcesBuildPhase section */
		A5A597D8275682B0004AC7CE /* Sources */ = {
			isa = PBXSourcesBuildPhase;
			buildActionMask = 2147483647;
			files = (
				A5A597E4275682B0004AC7CE /* ViewController.swift in Sources */,
				A5A597E0275682B0004AC7CE /* AppDelegate.swift in Sources */,
				A5A597E2275682B0004AC7CE /* SceneDelegate.swift in Sources */,
			);
			runOnlyForDeploymentPostprocessing = 0;
		};
/* End PBXSourcesBuildPhase section */

/* Begin PBXVariantGroup section */
		A5A597E5275682B0004AC7CE /* Main.storyboard */ = {
			isa = PBXVariantGroup;
			children = (
				A5A597E6275682B0004AC7CE /* Base */,
			);
			name = Main.storyboard;
			sourceTree = "<group>";
		};
		A5A597EA275682B2004AC7CE /* LaunchScreen.storyboard */ = {
			isa = PBXVariantGroup;
			children = (
				A5A597EB275682B2004AC7CE /* Base */,
			);
			name = LaunchScreen.storyboard;
			sourceTree = "<group>";
		};
/* End PBXVariantGroup section */

/* Begin XCBuildConfiguration section */
		A5A597EE275682B2004AC7CE /* Debug */ = {
			isa = XCBuildConfiguration;
			buildSettings = {
				ALWAYS_SEARCH_USER_PATHS = NO;
				CLANG_ANALYZER_NONNULL = YES;
				CLANG_ANALYZER_NUMBER_OBJECT_CONVERSION = YES_AGGRESSIVE;
				CLANG_CXX_LANGUAGE_STANDARD = "gnu++14";
				CLANG_CXX_LIBRARY = "libc++";
				CLANG_ENABLE_MODULES = YES;
				CLANG_ENABLE_OBJC_ARC = YES;
				CLANG_ENABLE_OBJC_WEAK = YES;
				CLANG_WARN_BLOCK_CAPTURE_AUTORELEASING = YES;
				CLANG_WARN_BOOL_CONVERSION = YES;
				CLANG_WARN_COMMA = YES;
				CLANG_WARN_CONSTANT_CONVERSION = YES;
				CLANG_WARN_DEPRECATED_OBJC_IMPLEMENTATIONS = YES;
				CLANG_WARN_DIRECT_OBJC_ISA_USAGE = YES_ERROR;
				CLANG_WARN_DOCUMENTATION_COMMENTS = YES;
				CLANG_WARN_EMPTY_BODY = YES;
				CLANG_WARN_ENUM_CONVERSION = YES;
				CLANG_WARN_INFINITE_RECURSION = YES;
				CLANG_WARN_INT_CONVERSION = YES;
				CLANG_WARN_NON_LITERAL_NULL_CONVERSION = YES;
				CLANG_WARN_OBJC_IMPLICIT_RETAIN_SELF = YES;
				CLANG_WARN_OBJC_LITERAL_CONVERSION = YES;
				CLANG_WARN_OBJC_ROOT_CLASS = YES_ERROR;
				CLANG_WARN_QUOTED_INCLUDE_IN_FRAMEWORK_HEADER = YES;
				CLANG_WARN_RANGE_LOOP_ANALYSIS = YES;
				CLANG_WARN_STRICT_PROTOTYPES = YES;
				CLANG_WARN_SUSPICIOUS_MOVE = YES;
				CLANG_WARN_UNGUARDED_AVAILABILITY = YES_AGGRESSIVE;
				CLANG_WARN_UNREACHABLE_CODE = YES;
				CLANG_WARN__DUPLICATE_METHOD_MATCH = YES;
				COPY_PHASE_STRIP = NO;
				DEBUG_INFORMATION_FORMAT = dwarf;
				ENABLE_STRICT_OBJC_MSGSEND = YES;
				ENABLE_TESTABILITY = YES;
				GCC_C_LANGUAGE_STANDARD = gnu11;
				GCC_DYNAMIC_NO_PIC = NO;
				GCC_NO_COMMON_BLOCKS = YES;
				GCC_OPTIMIZATION_LEVEL = 0;
				GCC_PREPROCESSOR_DEFINITIONS = (
					"DEBUG=1",
					"$(inherited)",
				);
				GCC_WARN_64_TO_32_BIT_CONVERSION = YES;
				GCC_WARN_ABOUT_RETURN_TYPE = YES_ERROR;
				GCC_WARN_UNDECLARED_SELECTOR = YES;
				GCC_WARN_UNINITIALIZED_AUTOS = YES_AGGRESSIVE;
				GCC_WARN_UNUSED_FUNCTION = YES;
				GCC_WARN_UNUSED_VARIABLE = YES;
				IPHONEOS_DEPLOYMENT_TARGET = 14.5;
				MTL_ENABLE_DEBUG_INFO = INCLUDE_SOURCE;
				MTL_FAST_MATH = YES;
				ONLY_ACTIVE_ARCH = YES;
				SDKROOT = iphoneos;
				SWIFT_ACTIVE_COMPILATION_CONDITIONS = DEBUG;
				SWIFT_OPTIMIZATION_LEVEL = "-Onone";
			};
			name = Debug;
		};
		A5A597EF275682B2004AC7CE /* Release */ = {
			isa = XCBuildConfiguration;
			buildSettings = {
				ALWAYS_SEARCH_USER_PATHS = NO;
				CLANG_ANALYZER_NONNULL = YES;
				CLANG_ANALYZER_NUMBER_OBJECT_CONVERSION = YES_AGGRESSIVE;
				CLANG_CXX_LANGUAGE_STANDARD = "gnu++14";
				CLANG_CXX_LIBRARY = "libc++";
				CLANG_ENABLE_MODULES = YES;
				CLANG_ENABLE_OBJC_ARC = YES;
				CLANG_ENABLE_OBJC_WEAK = YES;
				CLANG_WARN_BLOCK_CAPTURE_AUTORELEASING = YES;
				CLANG_WARN_BOOL_CONVERSION = YES;
				CLANG_WARN_COMMA = YES;
				CLANG_WARN_CONSTANT_CONVERSION = YES;
				CLANG_WARN_DEPRECATED_OBJC_IMPLEMENTATIONS = YES;
				CLANG_WARN_DIRECT_OBJC_ISA_USAGE = YES_ERROR;
				CLANG_WARN_DOCUMENTATION_COMMENTS = YES;
				CLANG_WARN_EMPTY_BODY = YES;
				CLANG_WARN_ENUM_CONVERSION = YES;
				CLANG_WARN_INFINITE_RECURSION = YES;
				CLANG_WARN_INT_CONVERSION = YES;
				CLANG_WARN_NON_LITERAL_NULL_CONVERSION = YES;
				CLANG_WARN_OBJC_IMPLICIT_RETAIN_SELF = YES;
				CLANG_WARN_OBJC_LITERAL_CONVERSION = YES;
				CLANG_WARN_OBJC_ROOT_CLASS = YES_ERROR;
				CLANG_WARN_QUOTED_INCLUDE_IN_FRAMEWORK_HEADER = YES;
				CLANG_WARN_RANGE_LOOP_ANALYSIS = YES;
				CLANG_WARN_STRICT_PROTOTYPES = YES;
				CLANG_WARN_SUSPICIOUS_MOVE = YES;
				CLANG_WARN_UNGUARDED_AVAILABILITY = YES_AGGRESSIVE;
				CLANG_WARN_UNREACHABLE_CODE = YES;
				CLANG_WARN__DUPLICATE_METHOD_MATCH = YES;
				COPY_PHASE_STRIP = NO;
				DEBUG_INFORMATION_FORMAT = "dwarf-with-dsym";
				ENABLE_NS_ASSERTIONS = NO;
				ENABLE_STRICT_OBJC_MSGSEND = YES;
				GCC_C_LANGUAGE_STANDARD = gnu11;
				GCC_NO_COMMON_BLOCKS = YES;
				GCC_WARN_64_TO_32_BIT_CONVERSION = YES;
				GCC_WARN_ABOUT_RETURN_TYPE = YES_ERROR;
				GCC_WARN_UNDECLARED_SELECTOR = YES;
				GCC_WARN_UNINITIALIZED_AUTOS = YES_AGGRESSIVE;
				GCC_WARN_UNUSED_FUNCTION = YES;
				GCC_WARN_UNUSED_VARIABLE = YES;
				IPHONEOS_DEPLOYMENT_TARGET = 14.5;
				MTL_ENABLE_DEBUG_INFO = NO;
				MTL_FAST_MATH = YES;
				SDKROOT = iphoneos;
				SWIFT_COMPILATION_MODE = wholemodule;
				SWIFT_OPTIMIZATION_LEVEL = "-O";
				VALIDATE_PRODUCT = YES;
			};
			name = Release;
		};
		A5A597F1275682B2004AC7CE /* Debug */ = {
			isa = XCBuildConfiguration;
			baseConfigurationReference = C2339D6A7727D2D633DDF5A1 /* Pods-TagListGit.debug.xcconfig */;
			buildSettings = {
				ASSETCATALOG_COMPILER_APPICON_NAME = AppIcon;
				ASSETCATALOG_COMPILER_GLOBAL_ACCENT_COLOR_NAME = AccentColor;
				CODE_SIGN_STYLE = Automatic;
				INFOPLIST_FILE = TagListGit/Info.plist;
				LD_RUNPATH_SEARCH_PATHS = (
					"$(inherited)",
					"@executable_path/Frameworks",
				);
				PRODUCT_BUNDLE_IDENTIFIER = project.TagListGit;
				PRODUCT_NAME = "$(TARGET_NAME)";
				SWIFT_VERSION = 5.0;
				TARGETED_DEVICE_FAMILY = "1,2";
			};
			name = Debug;
		};
		A5A597F2275682B2004AC7CE /* Release */ = {
			isa = XCBuildConfiguration;
			baseConfigurationReference = BE80B4AE86745BA349126FD8 /* Pods-TagListGit.release.xcconfig */;
			buildSettings = {
				ASSETCATALOG_COMPILER_APPICON_NAME = AppIcon;
				ASSETCATALOG_COMPILER_GLOBAL_ACCENT_COLOR_NAME = AccentColor;
				CODE_SIGN_STYLE = Automatic;
				INFOPLIST_FILE = TagListGit/Info.plist;
				LD_RUNPATH_SEARCH_PATHS = (
					"$(inherited)",
					"@executable_path/Frameworks",
				);
				PRODUCT_BUNDLE_IDENTIFIER = project.TagListGit;
				PRODUCT_NAME = "$(TARGET_NAME)";
				SWIFT_VERSION = 5.0;
				TARGETED_DEVICE_FAMILY = "1,2";
			};
			name = Release;
		};
/* End XCBuildConfiguration section */

/* Begin XCConfigurationList section */
		A5A597D7275682B0004AC7CE /* Build configuration list for PBXProject "TagListGit" */ = {
			isa = XCConfigurationList;
			buildConfigurations = (
				A5A597EE275682B2004AC7CE /* Debug */,
				A5A597EF275682B2004AC7CE /* Release */,
			);
			defaultConfigurationIsVisible = 0;
			defaultConfigurationName = Release;
		};
		A5A597F0275682B2004AC7CE /* Build configuration list for PBXNativeTarget "TagListGit" */ = {
			isa = XCConfigurationList;
			buildConfigurations = (
				A5A597F1275682B2004AC7CE /* Debug */,
				A5A597F2275682B2004AC7CE /* Release */,
			);
			defaultConfigurationIsVisible = 0;
			defaultConfigurationName = Release;
		};
/* End XCConfigurationList section */
	};
	rootObject = A5A597D4275682B0004AC7CE /* Project object */;
}
